version = "0"

[dependency]
  commander = [{version = "1.25.0", installer = "archive", type = "apack"}]
  slc-cli = [{version = "6.0.25", installer = "archive", type = "tools"}]
  python = [{version = "3.10.4", installer = "archive", type = "apack"}]
  java21 = [{version = "21.0.6", installer = "archive", type = "tools"}]
  zap = [{version = "2026.08.24", installer = "archive", type = "apack"}]
  aws_sdk = [{version = "3.1.0-alpha.92", installer = "conan", type = "sdk", ref = "aws_sdk/3.1.0-alpha.92@silabs#52bec072c7581aa2e60fe3012d6e554b2b1cff84"}]
  azure_freertos_middleware = [{version = "1.1.0-alpha.71", installer = "conan", type = "sdk", ref = "azure_freertos_middleware/1.1.0-alpha.71@silabs#52bec072c7581aa2e60fe3012d6e554b2b1cff84"}]
  base_sdk = [{version = "2026.12.0", installer = "conan", type = "sdk", ref = "base_sdk/2026.12.0@silabs#716052badc1ee855a7abbf99407f2d41"}]
  bgapi_protocol = [{version = "11.2.0-alpha.69", installer = "conan", type = "sdk", ref = "bgapi_protocol/11.2.0-alpha.69@silabs#91f8b6a6799e6a7e9cecc95fc836f3b6ea30c8e7"}]
  bluetooth_bgbuild = [{version = "11.2.0-alpha.69", installer = "conan", type = "sdk", ref = "bluetooth_bgbuild/11.2.0-alpha.69@silabs#91f8b6a6799e6a7e9cecc95fc836f3b6ea30c8e7"}]
  bluetooth_common = [{version = "1.2.0-alpha.69", installer = "conan", type = "sdk", ref = "bluetooth_common/1.2.0-alpha.69@silabs#91f8b6a6799e6a7e9cecc95fc836f3b6ea30c8e7"}]
  bluetooth_le_controller = [{version = "11.2.0-alpha.69", installer = "conan", type = "sdk", ref = "bluetooth_le_controller/11.2.0-alpha.69@silabs#91f8b6a6799e6a7e9cecc95fc836f3b6ea30c8e7"}]
  bluetooth_le_host = [{version = "11.2.0-alpha.69", installer = "conan", type = "sdk", ref = "bluetooth_le_host/11.2.0-alpha.69@silabs#91f8b6a6799e6a7e9cecc95fc836f3b6ea30c8e7"}]
  bluetooth_le_siwx91x = [{version = "4.2.0-alpha.147", installer = "conan", type = "sdk", ref = "bluetooth_le_siwx91x/4.2.0-alpha.147@silabs#52bec072c7581aa2e60fe3012d6e554b2b1cff84"}]
  boards = [{version = "1.2.0", installer = "conan", type = "sdk", ref = "boards/1.2.0@silabs#25a23460427c045026202be2911fb2a3"}]
  bootloader = [{version = "3.4.0", installer = "conan", type = "sdk", ref = "bootloader/3.4.0@silabs#39519d377fcced2d472ecba7ff6869ca"}]
  cmake = [{version = "3.30.2", installer = "conan", type = "apack", ref = "cmake/3.30.2@silabs#8798657aa78b2da38a3ae465f2d10090"}]
  cmsis = [{version = "1.2.0", installer = "conan", type = "sdk", ref = "cmsis/1.2.0@silabs#f8ebee69efcf85687bb21ce7a9d725ce"}]
  common_15_4 = [{version = "1.2.0-alpha.8", installer = "conan", type = "sdk", ref = "common_15_4/1.2.0-alpha.8@silabs#647fb0ed26ba9c87ec2ed3da4bd9693f4ab4e91f"}]
  coremark = [{version = "1.1.0", installer = "conan", type = "sdk", ref = "coremark/1.1.0@silabs#fad338900822dd7b4dd280d6713266f1"}]
  delta_dfu = [{version = "1.1.0", installer = "conan", type = "sdk", ref = "delta_dfu/1.1.0@silabs#1ebba4a316f35b36228125a8942d772c72943ec6"}]
  freertos = [{version = "1.2.0", installer = "conan", type = "sdk", ref = "freertos/1.2.0@silabs#845766a5077fb17fdf2854ad1786079d"}]
  gcc-arm-none-eabi = [{version = "14.2.rel1", installer = "conan", type = "toolchain", ref = "gcc-arm-none-eabi/14.2.rel1@silabs#7a5e7220af325e610937338dde99651b"}]
  iot_socket = [{version = "1.0.0-alpha.84", installer = "conan", type = "sdk", ref = "iot_socket/1.0.0-alpha.84@silabs#52bec072c7581aa2e60fe3012d6e554b2b1cff84"}]
  json_parser = [{version = "1.1.0-alpha.90", installer = "conan", type = "sdk", ref = "json_parser/1.1.0-alpha.90@silabs#52bec072c7581aa2e60fe3012d6e554b2b1cff84"}]
  llvm-arm-toolchain-for-embedded = [{version = "21.1.1", installer = "conan", type = "toolchain", ref = "llvm-arm-toolchain-for-embedded/21.1.1@silabs#877f3e0faf9658c618b4c2fe80bbb9fa"}]
  matter = [{version = "2.10.0-alpha.9", installer = "conan", type = "sdk", ref = "matter/2.10.0-alpha.9@silabs#fcdec21b71a8cef3737b69fe738377f5"}]
  matter_app = [{version = "2.10.0-alpha.9", installer = "conan", type = "sdk", ref = "matter_app/2.10.0-alpha.9@silabs#9ec8e175bd96f6bd5164ad7af9e39c1f"}]
  mbedtls = [{version = "1.2.0", installer = "conan", type = "sdk", ref = "mbedtls/1.2.0@silabs#34f8e2586570896f0be441cc56a4a20d"}]
  micriumos = [{version = "6.2.0", installer = "conan", type = "sdk", ref = "micriumos/6.2.0@silabs#236252f6e565c572a2e9a819050e153d"}]
  multiprotocol = [{version = "1.2.0-alpha.42", installer = "conan", type = "sdk", ref = "multiprotocol/1.2.0-alpha.42@silabs#647fb0ed26ba9c87ec2ed3da4bd9693f4ab4e91f"}]
  network_stack = [{version = "1.0.0-alpha.127", installer = "conan", type = "sdk", ref = "network_stack/1.0.0-alpha.127@silabs#3afebe8d74635276b58ad9a8c53d71a5b2b2156d"}]
  network_stack_sdk = [{version = "1.0.0-alpha.47", installer = "conan", type = "sdk", ref = "network_stack_sdk/1.0.0-alpha.47@silabs#52bec072c7581aa2e60fe3012d6e554b2b1cff84"}]
  ninja = [{version = "1.12.1", installer = "conan", type = "apack", ref = "ninja/1.12.1@silabs#9ce59e07a142d4da1c532b49742fe16d"}]
  openthread_forks = [{version = "3.2.0-alpha.45", installer = "conan", type = "sdk", ref = "openthread_forks/3.2.0-alpha.45@silabs#8cce3fd4cfd5bd014a36f01905c4b0b9a111a5aa"}]
  paho_mqtt_embedded = [{version = "1.0.0-alpha.7", installer = "conan", type = "sdk", ref = "paho_mqtt_embedded/1.0.0-alpha.7@silabs#f50ba31e06d951edb072ff8c0e3fa32e3ab5af4f"}]
  platform = [{version = "6.2.0-alpha.60", installer = "conan", type = "sdk", ref = "platform/6.2.0-alpha.60@silabs#3994f55b7c6ffc12bff64bfde70fe671"}]
  platform_core = [{version = "1.2.0", installer = "conan", type = "sdk", ref = "platform_core/1.2.0@silabs#2f3f6a843280008b0111d23b638daa76"}]
  platform_siwx91x = [{version = "4.2.0-alpha.147", installer = "conan", type = "sdk", ref = "platform_siwx91x/4.2.0-alpha.147@silabs#52bec072c7581aa2e60fe3012d6e554b2b1cff84"}]
  printf = [{version = "1.2.0", installer = "conan", type = "sdk", ref = "printf/1.2.0@silabs#7b24522f4c76f3ef6865b3fe5cb974b0"}]
  rail_library = [{version = "3.2.0-alpha.120", installer = "conan", type = "sdk", ref = "rail_library/3.2.0-alpha.120@silabs#1912fd314134738688a6dc37f9e0e8d0fb0330f2"}]
  security_libcryptosoc = [{version = "1.1.0", installer = "conan", type = "sdk", ref = "security_libcryptosoc/1.1.0@silabs#a41bcce963865004cdd183d9f003fd37"}]
  security_sxsymcrypt = [{version = "1.2.0", installer = "conan", type = "sdk", ref = "security_sxsymcrypt/1.2.0@silabs#f242692bb498dc0e96c0544b5d61c41e"}]
  security_tfm = [{version = "1.2.0", installer = "conan", type = "sdk", ref = "security_tfm/1.2.0@silabs#0943f3f4ec758de891b2468ce589d7f3"}]
  segger = [{version = "1.2.0", installer = "conan", type = "sdk", ref = "segger/1.2.0@silabs#36f8201f19c01e288b5be67fda8f500d"}]
  silabs_lwip = [{version = "1.2.0-alpha.2", installer = "conan", type = "sdk", ref = "silabs_lwip/1.2.0-alpha.2@silabs#f5f97a2aff5c62c73de377fec9ba8122bf722831"}]
  siwx91x_nwp_interface = [{version = "2.17.0-alpha.42", installer = "conan", type = "sdk", ref = "siwx91x_nwp_interface/2.17.0-alpha.42@silabs#8255e4021015a2cba62472ae5f002ac13d5ed684"}]
  thread = [{version = "3.2.0-alpha.45", installer = "conan", type = "sdk", ref = "thread/3.2.0-alpha.45@silabs#8cce3fd4cfd5bd014a36f01905c4b0b9a111a5aa"}]
  unity_test_framework = [{version = "1.1.0", installer = "conan", type = "sdk", ref = "unity_test_framework/1.1.0@silabs#f418a9460d44f860469de8d9aba3d723"}]
  usb = [{version = "1.8.0", installer = "conan", type = "sdk", ref = "usb/1.8.0@silabs#2d1c3440a76741001090a046509994a4"}]
  wifi = [{version = "4.2.0-alpha.146", installer = "conan", type = "sdk", ref = "wifi/4.2.0-alpha.146@silabs#52bec072c7581aa2e60fe3012d6e554b2b1cff84"}]
  wiseconnect_common = [{version = "4.2.0-alpha.66", installer = "conan", type = "sdk", ref = "wiseconnect_common/4.2.0-alpha.66@silabs#52bec072c7581aa2e60fe3012d6e554b2b1cff84"}]
  zigbee = [{version = "9.2.0-alpha.46", installer = "conan", type = "sdk", ref = "zigbee/9.2.0-alpha.46@silabs#8b6c495feeff4aae923ab949e23740788e9f8eb7"}]

[engine]
  conan-repos = [
    "https://artifactory.silabs.net/artifactory/api/conan/silabs-conan-production",
  ]

[settings]
  dependency-check = "true"

